// !$*UTF8*$!
{
	archiveVersion = 1;
	classes = {
	};
	objectVersion = 56;
	objects = {

/* Begin PBXBuildFile section */
		F557BCC929C25C9A00D8165D /* AppDelegate.swift in Sources */ = {isa = PBXBuildFile; fileRef = F557BCC829C25C9A00D8165D /* AppDelegate.swift */; };
		F557BCCD29C25C9A00D8165D /* ViewController.swift in Sources */ = {isa = PBXBuildFile; fileRef = F557BCCC29C25C9A00D8165D /* ViewController.swift */; };
		F557BCD029C25C9A00D8165D /* Main.storyboard in Resources */ = {isa = PBXBuildFile; fileRef = F557BCCE29C25C9A00D8165D /* Main.storyboard */; };
		F557BCD229C25C9C00D8165D /* Assets.xcassets in Resources */ = {isa = PBXBuildFile; fileRef = F557BCD129C25C9C00D8165D /* Assets.xcassets */; };
		F557BCD529C25C9C00D8165D /* LaunchScreen.storyboard in Resources */ = {isa = PBXBuildFile; fileRef = F557BCD329C25C9C00D8165D /* LaunchScreen.storyboard */; };
		F557BCDD29C25CD400D8165D /* Network.swift in Sources */ = {isa = PBXBuildFile; fileRef = F557BCDC29C25CD400D8165D /* Network.swift */; };
		F557BCDF29C2689600D8165D /* ViewModel.swift in Sources */ = {isa = PBXBuildFile; fileRef = F557BCDE29C2689600D8165D /* ViewModel.swift */; };
		F598EC4229E60B89003BC5FC /* PostViewController.swift in Sources */ = {isa = PBXBuildFile; fileRef = F598EC4129E60B89003BC5FC /* PostViewController.swift */; };
		F598EC4429E60BA0003BC5FC /* CommentsViewController.swift in Sources */ = {isa = PBXBuildFile; fileRef = F598EC4329E60BA0003BC5FC /* CommentsViewController.swift */; };
		F5CF26DB29C3B916001138DC /* Models.swift in Sources */ = {isa = PBXBuildFile; fileRef = F5CF26DA29C3B916001138DC /* Models.swift */; };
/* End PBXBuildFile section */

/* Begin PBXFileReference section */
		F557BCC529C25C9A00D8165D /* ejemploAsyncAwait.app */ = {isa = PBXFileReference; explicitFileType = wrapper.application; includeInIndex = 0; path = ejemploAsyncAwait.app; sourceTree = BUILT_PRODUCTS_DIR; };
		F557BCC829C25C9A00D8165D /* AppDelegate.swift */ = {isa = PBXFileReference; lastKnownFileType = sourcecode.swift; path = AppDelegate.swift; sourceTree = "<group>"; };
		F557BCCC29C25C9A00D8165D /* ViewController.swift */ = {isa = PBXFileReference; lastKnownFileType = sourcecode.swift; path = ViewController.swift; sourceTree = "<group>"; };
		F557BCCF29C25C9A00D8165D /* Base */ = {isa = PBXFileReference; lastKnownFileType = file.storyboard; name = Base; path = Base.lproj/Main.storyboard; sourceTree = "<group>"; };
		F557BCD129C25C9C00D8165D /* Assets.xcassets */ = {isa = PBXFileReference; lastKnownFileType = folder.assetcatalog; path = Assets.xcassets; sourceTree = "<group>"; };
		F557BCD429C25C9C00D8165D /* Base */ = {isa = PBXFileReference; lastKnownFileType = file.storyboard; name = Base; path = Base.lproj/LaunchScreen.storyboard; sourceTree = "<group>"; };
		F557BCD629C25C9C00D8165D /* Info.plist */ = {isa = PBXFileReference; lastKnownFileType = text.plist.xml; path = Info.plist; sourceTree = "<group>"; };
		F557BCDC29C25CD400D8165D /* Network.swift */ = {isa = PBXFileReference; lastKnownFileType = sourcecode.swift; path = Network.swift; sourceTree = "<group>"; };
		F557BCDE29C2689600D8165D /* ViewModel.swift */ = {isa = PBXFileReference; lastKnownFileType = sourcecode.swift; path = ViewModel.swift; sourceTree = "<group>"; };
		F598EC4129E60B89003BC5FC /* PostViewController.swift */ = {isa = PBXFileReference; lastKnownFileType = sourcecode.swift; path = PostViewController.swift; sourceTree = "<group>"; };
		F598EC4329E60BA0003BC5FC /* CommentsViewController.swift */ = {isa = PBXFileReference; lastKnownFileType = sourcecode.swift; path = CommentsViewController.swift; sourceTree = "<group>"; };
		F5CF26DA29C3B916001138DC /* Models.swift */ = {isa = PBXFileReference; lastKnownFileType = sourcecode.swift; path = Models.swift; sourceTree = "<group>"; };
/* End PBXFileReference section */

/* Begin PBXFrameworksBuildPhase section */
		F557BCC229C25C9A00D8165D /* Frameworks */ = {
			isa = PBXFrameworksBuildPhase;
			buildActionMask = 2147483647;
			files = (
			);
			runOnlyForDeploymentPostprocessing = 0;
		};
/* End PBXFrameworksBuildPhase section */

/* Begin PBXGroup section */
		F557BCBC29C25C9A00D8165D = {
			isa = PBXGroup;
			children = (
				F557BCC729C25C9A00D8165D /* ejemploAsyncAwait */,
				F557BCC629C25C9A00D8165D /* Products */,
			);
			sourceTree = "<group>";
		};
		F557BCC629C25C9A00D8165D /* Products */ = {
			isa = PBXGroup;
			children = (
				F557BCC529C25C9A00D8165D /* ejemploAsyncAwait.app */,
			);
			name = Products;
			sourceTree = "<group>";
		};
		F557BCC729C25C9A00D8165D /* ejemploAsyncAwait */ = {
			isa = PBXGroup;
			children = (
				F557BCC829C25C9A00D8165D /* AppDelegate.swift */,
				F557BCCC29C25C9A00D8165D /* ViewController.swift */,
				F598EC4129E60B89003BC5FC /* PostViewController.swift */,
				F598EC4329E60BA0003BC5FC /* CommentsViewController.swift */,
				F557BCDC29C25CD400D8165D /* Network.swift */,
				F557BCDE29C2689600D8165D /* ViewModel.swift */,
				F557BCCE29C25C9A00D8165D /* Main.storyboard */,
				F557BCD129C25C9C00D8165D /* Assets.xcassets */,
				F557BCD329C25C9C00D8165D /* LaunchScreen.storyboard */,
				F557BCD629C25C9C00D8165D /* Info.plist */,
				F5CF26DA29C3B916001138DC /* Models.swift */,
			);
			path = ejemploAsyncAwait;
			sourceTree = "<group>";
		};
/* End PBXGroup section */

/* Begin PBXNativeTarget section */
		F557BCC429C25C9A00D8165D /* ejemploAsyncAwait */ = {
			isa = PBXNativeTarget;
			buildConfigurationList = F557BCD929C25C9C00D8165D /* Build configuration list for PBXNativeTarget "ejemploAsyncAwait" */;
			buildPhases = (
				F557BCC129C25C9A00D8165D /* Sources */,
				F557BCC229C25C9A00D8165D /* Frameworks */,
				F557BCC329C25C9A00D8165D /* Resources */,
			);
			buildRules = (
			);
			dependencies = (
			);
			name = ejemploAsyncAwait;
			productName = ejemploAsyncAwait;
			productReference = F557BCC529C25C9A00D8165D /* ejemploAsyncAwait.app */;
			productType = "com.apple.product-type.application";
		};
/* End PBXNativeTarget section */

/* Begin PBXProject section */
		F557BCBD29C25C9A00D8165D /* Project object */ = {
			isa = PBXProject;
			attributes = {
				BuildIndependentTargetsInParallel = 1;
				LastSwiftUpdateCheck = 1410;
				LastUpgradeCheck = 1410;
				TargetAttributes = {
					F557BCC429C25C9A00D8165D = {
						CreatedOnToolsVersion = 14.1;
					};
				};
			};
			buildConfigurationList = F557BCC029C25C9A00D8165D /* Build configuration list for PBXProject "ejemploAsyncAwait" */;
			compatibilityVersion = "Xcode 14.0";
			developmentRegion = en;
			hasScannedForEncodings = 0;
			knownRegions = (
				en,
				Base,
			);
			mainGroup = F557BCBC29C25C9A00D8165D;
			productRefGroup = F557BCC629C25C9A00D8165D /* Products */;
			projectDirPath = "";
			projectRoot = "";
			targets = (
				F557BCC429C25C9A00D8165D /* ejemploAsyncAwait */,
			);
		};
/* End PBXProject section */

/* Begin PBXResourcesBuildPhase section */
		F557BCC329C25C9A00D8165D /* Resources */ = {
			isa = PBXResourcesBuildPhase;
			buildActionMask = 2147483647;
			files = (
				F557BCD529C25C9C00D8165D /* LaunchScreen.storyboard in Resources */,
				F557BCD229C25C9C00D8165D /* Assets.xcassets in Resources */,
				F557BCD029C25C9A00D8165D /* Main.storyboard in Resources */,
			);
			runOnlyForDeploymentPostprocessing = 0;
		};
/* End PBXResourcesBuildPhase section */

/* Begin PBXSourcesBuildPhase section */
		F557BCC129C25C9A00D8165D /* Sources */ = {
			isa = PBXSourcesBuildPhase;
			buildActionMask = 2147483647;
			files = (
				F598EC4229E60B89003BC5FC /* PostViewController.swift in Sources */,
				F557BCDF29C2689600D8165D /* ViewModel.swift in Sources */,
				F598EC4429E60BA0003BC5FC /* CommentsViewController.swift in Sources */,
				F557BCCD29C25C9A00D8165D /* ViewController.swift in Sources */,
				F5CF26DB29C3B916001138DC /* Models.swift in Sources */,
				F557BCC929C25C9A00D8165D /* AppDelegate.swift in Sources */,
				F557BCDD29C25CD400D8165D /* Network.swift in Sources */,
			);
			runOnlyForDeploymentPostprocessing = 0;
		};
/* End PBXSourcesBuildPhase section */

/* Begin PBXVariantGroup section */
		F557BCCE29C25C9A00D8165D /* Main.storyboard */ = {
			isa = PBXVariantGroup;
			children = (
				F557BCCF29C25C9A00D8165D /* Base */,
			);
			name = Main.storyboard;
			sourceTree = "<group>";
		};
		F557BCD329C25C9C00D8165D /* LaunchScreen.storyboard */ = {
			isa = PBXVariantGroup;
			children = (
				F557BCD429C25C9C00D8165D /* Base */,
			);
			name = LaunchScreen.storyboard;
			sourceTree = "<group>";
		};
/* End PBXVariantGroup section */

/* Begin XCBuildConfiguration section */
		F557BCD729C25C9C00D8165D /* Debug */ = {
			isa = XCBuildConfiguration;
			buildSettings = {
				ALWAYS_SEARCH_USER_PATHS = NO;
				CLANG_ANALYZER_NONNULL = YES;
				CLANG_ANALYZER_NUMBER_OBJECT_CONVERSION = YES_AGGRESSIVE;
				CLANG_CXX_LANGUAGE_STANDARD = "gnu++20";
				CLANG_ENABLE_MODULES = YES;
				CLANG_ENABLE_OBJC_ARC = YES;
				CLANG_ENABLE_OBJC_WEAK = YES;
				CLANG_WARN_BLOCK_CAPTURE_AUTORELEASING = YES;
				CLANG_WARN_BOOL_CONVERSION = YES;
				CLANG_WARN_COMMA = YES;
				CLANG_WARN_CONSTANT_CONVERSION = YES;
				CLANG_WARN_DEPRECATED_OBJC_IMPLEMENTATIONS = YES;
				CLANG_WARN_DIRECT_OBJC_ISA_USAGE = YES_ERROR;
				CLANG_WARN_DOCUMENTATION_COMMENTS = YES;
				CLANG_WARN_EMPTY_BODY = YES;
				CLANG_WARN_ENUM_CONVERSION = YES;
				CLANG_WARN_INFINITE_RECURSION = YES;
				CLANG_WARN_INT_CONVERSION = YES;
				CLANG_WARN_NON_LITERAL_NULL_CONVERSION = YES;
				CLANG_WARN_OBJC_IMPLICIT_RETAIN_SELF = YES;
				CLANG_WARN_OBJC_LITERAL_CONVERSION = YES;
				CLANG_WARN_OBJC_ROOT_CLASS = YES_ERROR;
				CLANG_WARN_QUOTED_INCLUDE_IN_FRAMEWORK_HEADER = YES;
				CLANG_WARN_RANGE_LOOP_ANALYSIS = YES;
				CLANG_WARN_STRICT_PROTOTYPES = YES;
				CLANG_WARN_SUSPICIOUS_MOVE = YES;
				CLANG_WARN_UNGUARDED_AVAILABILITY = YES_AGGRESSIVE;
				CLANG_WARN_UNREACHABLE_CODE = YES;
				CLANG_WARN__DUPLICATE_METHOD_MATCH = YES;
				COPY_PHASE_STRIP = NO;
				DEBUG_INFORMATION_FORMAT = dwarf;
				ENABLE_STRICT_OBJC_MSGSEND = YES;
				ENABLE_TESTABILITY = YES;
				GCC_C_LANGUAGE_STANDARD = gnu11;
				GCC_DYNAMIC_NO_PIC = NO;
				GCC_NO_COMMON_BLOCKS = YES;
				GCC_OPTIMIZATION_LEVEL = 0;
				GCC_PREPROCESSOR_DEFINITIONS = (
					"DEBUG=1",
					"$(inherited)",
				);
				GCC_WARN_64_TO_32_BIT_CONVERSION = YES;
				GCC_WARN_ABOUT_RETURN_TYPE = YES_ERROR;
				GCC_WARN_UNDECLARED_SELECTOR = YES;
				GCC_WARN_UNINITIALIZED_AUTOS = YES_AGGRESSIVE;
				GCC_WARN_UNUSED_FUNCTION = YES;
				GCC_WARN_UNUSED_VARIABLE = YES;
				IPHONEOS_DEPLOYMENT_TARGET = 16.1;
				MTL_ENABLE_DEBUG_INFO = INCLUDE_SOURCE;
				MTL_FAST_MATH = YES;
				ONLY_ACTIVE_ARCH = YES;
				SDKROOT = iphoneos;
				SWIFT_ACTIVE_COMPILATION_CONDITIONS = DEBUG;
				SWIFT_OPTIMIZATION_LEVEL = "-Onone";
			};
			name = Debug;
		};
		F557BCD829C25C9C00D8165D /* Release */ = {
			isa = XCBuildConfiguration;
			buildSettings = {
				ALWAYS_SEARCH_USER_PATHS = NO;
				CLANG_ANALYZER_NONNULL = YES;
				CLANG_ANALYZER_NUMBER_OBJECT_CONVERSION = YES_AGGRESSIVE;
				CLANG_CXX_LANGUAGE_STANDARD = "gnu++20";
				CLANG_ENABLE_MODULES = YES;
				CLANG_ENABLE_OBJC_ARC = YES;
				CLANG_ENABLE_OBJC_WEAK = YES;
				CLANG_WARN_BLOCK_CAPTURE_AUTORELEASING = YES;
				CLANG_WARN_BOOL_CONVERSION = YES;
				CLANG_WARN_COMMA = YES;
				CLANG_WARN_CONSTANT_CONVERSION = YES;
				CLANG_WARN_DEPRECATED_OBJC_IMPLEMENTATIONS = YES;
				CLANG_WARN_DIRECT_OBJC_ISA_USAGE = YES_ERROR;
				CLANG_WARN_DOCUMENTATION_COMMENTS = YES;
				CLANG_WARN_EMPTY_BODY = YES;
				CLANG_WARN_ENUM_CONVERSION = YES;
				CLANG_WARN_INFINITE_RECURSION = YES;
				CLANG_WARN_INT_CONVERSION = YES;
				CLANG_WARN_NON_LITERAL_NULL_CONVERSION = YES;
				CLANG_WARN_OBJC_IMPLICIT_RETAIN_SELF = YES;
				CLANG_WARN_OBJC_LITERAL_CONVERSION = YES;
				CLANG_WARN_OBJC_ROOT_CLASS = YES_ERROR;
				CLANG_WARN_QUOTED_INCLUDE_IN_FRAMEWORK_HEADER = YES;
				CLANG_WARN_RANGE_LOOP_ANALYSIS = YES;
				CLANG_WARN_STRICT_PROTOTYPES = YES;
				CLANG_WARN_SUSPICIOUS_MOVE = YES;
				CLANG_WARN_UNGUARDED_AVAILABILITY = YES_AGGRESSIVE;
				CLANG_WARN_UNREACHABLE_CODE = YES;
				CLANG_WARN__DUPLICATE_METHOD_MATCH = YES;
				COPY_PHASE_STRIP = NO;
				DEBUG_INFORMATION_FORMAT = "dwarf-with-dsym";
				ENABLE_NS_ASSERTIONS = NO;
				ENABLE_STRICT_OBJC_MSGSEND = YES;
				GCC_C_LANGUAGE_STANDARD = gnu11;
				GCC_NO_COMMON_BLOCKS = YES;
				GCC_WARN_64_TO_32_BIT_CONVERSION = YES;
				GCC_WARN_ABOUT_RETURN_TYPE = YES_ERROR;
				GCC_WARN_UNDECLARED_SELECTOR = YES;
				GCC_WARN_UNINITIALIZED_AUTOS = YES_AGGRESSIVE;
				GCC_WARN_UNUSED_FUNCTION = YES;
				GCC_WARN_UNUSED_VARIABLE = YES;
				IPHONEOS_DEPLOYMENT_TARGET = 16.1;
				MTL_ENABLE_DEBUG_INFO = NO;
				MTL_FAST_MATH = YES;
				SDKROOT = iphoneos;
				SWIFT_COMPILATION_MODE = wholemodule;
				SWIFT_OPTIMIZATION_LEVEL = "-O";
				VALIDATE_PRODUCT = YES;
			};
			name = Release;
		};
		F557BCDA29C25C9C00D8165D /* Debug */ = {
			isa = XCBuildConfiguration;
			buildSettings = {
				ASSETCATALOG_COMPILER_APPICON_NAME = AppIcon;
				ASSETCATALOG_COMPILER_GLOBAL_ACCENT_COLOR_NAME = AccentColor;
				CODE_SIGN_STYLE = Automatic;
				CURRENT_PROJECT_VERSION = 1;
				GENERATE_INFOPLIST_FILE = YES;
				INFOPLIST_FILE = ejemploAsyncAwait/Info.plist;
				INFOPLIST_KEY_UIApplicationSupportsIndirectInputEvents = YES;
				INFOPLIST_KEY_UILaunchStoryboardName = LaunchScreen;
				INFOPLIST_KEY_UIMainStoryboardFile = Main;
				INFOPLIST_KEY_UISupportedInterfaceOrientations_iPad = "UIInterfaceOrientationPortrait UIInterfaceOrientationPortraitUpsideDown UIInterfaceOrientationLandscapeLeft UIInterfaceOrientationLandscapeRight";
				INFOPLIST_KEY_UISupportedInterfaceOrientations_iPhone = "UIInterfaceOrientationPortrait UIInterfaceOrientationLandscapeLeft UIInterfaceOrientationLandscapeRight";
				LD_RUNPATH_SEARCH_PATHS = (
					"$(inherited)",
					"@executable_path/Frameworks",
				);
				MARKETING_VERSION = 1.0;
				PRODUCT_BUNDLE_IDENTIFIER = com.app.asyncAwait.ejemploAsyncAwait;
				PRODUCT_NAME = "$(TARGET_NAME)";
				SWIFT_EMIT_LOC_STRINGS = YES;
				SWIFT_VERSION = 5.0;
				TARGETED_DEVICE_FAMILY = "1,2";
			};
			name = Debug;
		};
		F557BCDB29C25C9C00D8165D /* Release */ = {
			isa = XCBuildConfiguration;
			buildSettings = {
				ASSETCATALOG_COMPILER_APPICON_NAME = AppIcon;
				ASSETCATALOG_COMPILER_GLOBAL_ACCENT_COLOR_NAME = AccentColor;
				CODE_SIGN_STYLE = Automatic;
				CURRENT_PROJECT_VERSION = 1;
				GENERATE_INFOPLIST_FILE = YES;
				INFOPLIST_FILE = ejemploAsyncAwait/Info.plist;
				INFOPLIST_KEY_UIApplicationSupportsIndirectInputEvents = YES;
				INFOPLIST_KEY_UILaunchStoryboardName = LaunchScreen;
				INFOPLIST_KEY_UIMainStoryboardFile = Main;
				INFOPLIST_KEY_UISupportedInterfaceOrientations_iPad = "UIInterfaceOrientationPortrait UIInterfaceOrientationPortraitUpsideDown UIInterfaceOrientationLandscapeLeft UIInterfaceOrientationLandscapeRight";
				INFOPLIST_KEY_UISupportedInterfaceOrientations_iPhone = "UIInterfaceOrientationPortrait UIInterfaceOrientationLandscapeLeft UIInterfaceOrientationLandscapeRight";
				LD_RUNPATH_SEARCH_PATHS = (
					"$(inherited)",
					"@executable_path/Frameworks",
				);
				MARKETING_VERSION = 1.0;
				PRODUCT_BUNDLE_IDENTIFIER = com.app.asyncAwait.ejemploAsyncAwait;
				PRODUCT_NAME = "$(TARGET_NAME)";
				SWIFT_EMIT_LOC_STRINGS = YES;
				SWIFT_VERSION = 5.0;
				TARGETED_DEVICE_FAMILY = "1,2";
			};
			name = Release;
		};
/* End XCBuildConfiguration section */

/* Begin XCConfigurationList section */
		F557BCC029C25C9A00D8165D /* Build configuration list for PBXProject "ejemploAsyncAwait" */ = {
			isa = XCConfigurationList;
			buildConfigurations = (
				F557BCD729C25C9C00D8165D /* Debug */,
				F557BCD829C25C9C00D8165D /* Release */,
			);
			defaultConfigurationIsVisible = 0;
			defaultConfigurationName = Release;
		};
		F557BCD929C25C9C00D8165D /* Build configuration list for PBXNativeTarget "ejemploAsyncAwait" */ = {
			isa = XCConfigurationList;
			buildConfigurations = (
				F557BCDA29C25C9C00D8165D /* Debug */,
				F557BCDB29C25C9C00D8165D /* Release */,
			);
			defaultConfigurationIsVisible = 0;
			defaultConfigurationName = Release;
		};
/* End XCConfigurationList section */
	};
	rootObject = F557BCBD29C25C9A00D8165D /* Project object */;
}
